
Microsoft Visual Studio Solution File, Format Version 12.00
# Visual Studio Version 17
VisualStudioVersion = 17.4.34031.109
MinimumVisualStudioVersion = 10.0.40219.1
Project("{9A19103F-16F7-4668-BE54-9A1E7A4F7556}") = "Koszalka.Domain", "Koszalka.Domain\Koszalka.Domain.csproj", "{5B487150-2767-4503-8E0D-A2F343907EFA}"
EndProject
Project("{9A19103F-16F7-4668-BE54-9A1E7A4F7556}") = "Koszalka.Application", "Koszalka.Application\Koszalka.Application.csproj", "{937850F4-6978-4284-B2AF-0AA475CEDE0B}"
EndProject
Project("{9A19103F-16F7-4668-BE54-9A1E7A4F7556}") = "Koszalka.Persistence", "Koszalka.Persistence\Koszalka.Persistence.csproj", "{02C75A35-154D-4DF7-8B36-B7403A566A36}"
EndProject
Project("{FAE04EC0-301F-11D3-BF4B-00C04F79EFBC}") = "Koszalka.WebAPI", "Koszalka.WebAPI\Koszalka.WebAPI.csproj", "{1E24F675-CBA1-4FE0-B22A-BF8DBF2200F9}"
EndProject
Global
	GlobalSection(SolutionConfigurationPlatforms) = preSolution
		Debug|Any CPU = Debug|Any CPU
		Release|Any CPU = Release|Any CPU
	EndGlobalSection
	GlobalSection(ProjectConfigurationPlatforms) = postSolution
		{5B487150-2767-4503-8E0D-A2F343907EFA}.Debug|Any CPU.ActiveCfg = Debug|Any CPU
		{5B487150-2767-4503-8E0D-A2F343907EFA}.Debug|Any CPU.Build.0 = Debug|Any CPU
		{5B487150-2767-4503-8E0D-A2F343907EFA}.Release|Any CPU.ActiveCfg = Release|Any CPU
		{5B487150-2767-4503-8E0D-A2F343907EFA}.Release|Any CPU.Build.0 = Release|Any CPU
		{937850F4-6978-4284-B2AF-0AA475CEDE0B}.Debug|Any CPU.ActiveCfg = Debug|Any CPU
		{937850F4-6978-4284-B2AF-0AA475CEDE0B}.Debug|Any CPU.Build.0 = Debug|Any CPU
		{937850F4-6978-4284-B2AF-0AA475CEDE0B}.Release|Any CPU.ActiveCfg = Release|Any CPU
		{937850F4-6978-4284-B2AF-0AA475CEDE0B}.Release|Any CPU.Build.0 = Release|Any CPU
		{02C75A35-154D-4DF7-8B36-B7403A566A36}.Debug|Any CPU.ActiveCfg = Debug|Any CPU
		{02C75A35-154D-4DF7-8B36-B7403A566A36}.Debug|Any CPU.Build.0 = Debug|Any CPU
		{02C75A35-154D-4DF7-8B36-B7403A566A36}.Release|Any CPU.ActiveCfg = Release|Any CPU
		{02C75A35-154D-4DF7-8B36-B7403A566A36}.Release|Any CPU.Build.0 = Release|Any CPU
		{1E24F675-CBA1-4FE0-B22A-BF8DBF2200F9}.Debug|Any CPU.ActiveCfg = Debug|Any CPU
		{1E24F675-CBA1-4FE0-B22A-BF8DBF2200F9}.Debug|Any CPU.Build.0 = Debug|Any CPU
		{1E24F675-CBA1-4FE0-B22A-BF8DBF2200F9}.Release|Any CPU.ActiveCfg = Release|Any CPU
		{1E24F675-CBA1-4FE0-B22A-BF8DBF2200F9}.Release|Any CPU.Build.0 = Release|Any CPU
	EndGlobalSection
	GlobalSection(SolutionProperties) = preSolution
		HideSolutionNode = FALSE
	EndGlobalSection
	GlobalSection(NestedProjects) = preSolution
		{5B487150-2767-4503-8E0D-A2F343907EFA} = {480CAEE0-B28C-49AF-BEBE-554E47C29B3C}
		{937850F4-6978-4284-B2AF-0AA475CEDE0B} = {480CAEE0-B28C-49AF-BEBE-554E47C29B3C}
		{02C75A35-154D-4DF7-8B36-B7403A566A36} = {1120CF3B-5779-4FAD-86AE-2A357A49B5C1}
		{1E24F675-CBA1-4FE0-B22A-BF8DBF2200F9} = {A556CB79-78A4-4C61-B39B-A5865B549232}
	EndGlobalSection
	GlobalSection(ExtensibilityGlobals) = postSolution
		SolutionGuid = {1C3DF6F0-CCE8-4DF8-A451-33E91A4434DD}
	EndGlobalSection
EndGlobal
